
Microsoft Visual Studio Solution File, Format Version 12.00
# Visual Studio 14
VisualStudioVersion = 14.0.25420.1
MinimumVisualStudioVersion = 10.0.40219.1
Project("{2150E333-8FDC-42A3-9474-1A3956D46DE8}") = "Engine", "Engine", "{2F35621C-6929-4490-8178-2872A1C10CF0}"
EndProject
Project("{2150E333-8FDC-42A3-9474-1A3956D46DE8}") = "Games", "Games", "{42D7CE95-F78F-41DD-80EF-842592F1970C}"
EndProject
Project("{8BC9CEB8-8B4A-11D0-8D11-00A0C91BC942}") = "UE4", "Intermediate\ProjectFiles\UE4.vcxproj", "{2AD0D7D1-093E-454A-8C99-670C97FBCC65}"
EndProject
Project("{8BC9CEB8-8B4A-11D0-8D11-00A0C91BC942}") = "UnrealMatch3", "Intermediate\ProjectFiles\UnrealMatch3.vcxproj", "{C3765764-E67E-4764-B1D1-470C95E765DE}"
EndProject
Global
	GlobalSection(SolutionConfigurationPlatforms) = preSolution
		DebugGame Editor|Android = DebugGame Editor|Android
		DebugGame Editor|HTML5 = DebugGame Editor|HTML5
		DebugGame Editor|Win32 = DebugGame Editor|Win32
		DebugGame Editor|Win64 = DebugGame Editor|Win64
		DebugGame|Android = DebugGame|Android
		DebugGame|HTML5 = DebugGame|HTML5
		DebugGame|Win32 = DebugGame|Win32
		DebugGame|Win64 = DebugGame|Win64
		Development Editor|Android = Development Editor|Android
		Development Editor|HTML5 = Development Editor|HTML5
		Development Editor|Win32 = Development Editor|Win32
		Development Editor|Win64 = Development Editor|Win64
		Development|Android = Development|Android
		Development|HTML5 = Development|HTML5
		Development|Win32 = Development|Win32
		Development|Win64 = Development|Win64
		Shipping|Android = Shipping|Android
		Shipping|HTML5 = Shipping|HTML5
		Shipping|Win32 = Shipping|Win32
		Shipping|Win64 = Shipping|Win64
	EndGlobalSection
	GlobalSection(ProjectConfigurationPlatforms) = postSolution
		{2AD0D7D1-093E-454A-8C99-670C97FBCC65}.DebugGame Editor|Android.ActiveCfg = BuiltWithUnrealBuildTool|Win32
		{2AD0D7D1-093E-454A-8C99-670C97FBCC65}.DebugGame Editor|Android.Build.0 = BuiltWithUnrealBuildTool|Win32
		{2AD0D7D1-093E-454A-8C99-670C97FBCC65}.DebugGame Editor|HTML5.ActiveCfg = BuiltWithUnrealBuildTool|Win32
		{2AD0D7D1-093E-454A-8C99-670C97FBCC65}.DebugGame Editor|HTML5.Build.0 = BuiltWithUnrealBuildTool|Win32
		{2AD0D7D1-093E-454A-8C99-670C97FBCC65}.DebugGame Editor|Win32.ActiveCfg = BuiltWithUnrealBuildTool|Win32
		{2AD0D7D1-093E-454A-8C99-670C97FBCC65}.DebugGame Editor|Win32.Build.0 = BuiltWithUnrealBuildTool|Win32
		{2AD0D7D1-093E-454A-8C99-670C97FBCC65}.DebugGame Editor|Win64.ActiveCfg = BuiltWithUnrealBuildTool|Win32
		{2AD0D7D1-093E-454A-8C99-670C97FBCC65}.DebugGame Editor|Win64.Build.0 = BuiltWithUnrealBuildTool|Win32
		{2AD0D7D1-093E-454A-8C99-670C97FBCC65}.DebugGame|Android.ActiveCfg = BuiltWithUnrealBuildTool|Win32
		{2AD0D7D1-093E-454A-8C99-670C97FBCC65}.DebugGame|Android.Build.0 = BuiltWithUnrealBuildTool|Win32
		{2AD0D7D1-093E-454A-8C99-670C97FBCC65}.DebugGame|HTML5.ActiveCfg = BuiltWithUnrealBuildTool|Win32
		{2AD0D7D1-093E-454A-8C99-670C97FBCC65}.DebugGame|HTML5.Build.0 = BuiltWithUnrealBuildTool|Win32
		{2AD0D7D1-093E-454A-8C99-670C97FBCC65}.DebugGame|Win32.ActiveCfg = BuiltWithUnrealBuildTool|Win32
		{2AD0D7D1-093E-454A-8C99-670C97FBCC65}.DebugGame|Win32.Build.0 = BuiltWithUnrealBuildTool|Win32
		{2AD0D7D1-093E-454A-8C99-670C97FBCC65}.DebugGame|Win64.ActiveCfg = BuiltWithUnrealBuildTool|Win32
		{2AD0D7D1-093E-454A-8C99-670C97FBCC65}.DebugGame|Win64.Build.0 = BuiltWithUnrealBuildTool|Win32
		{2AD0D7D1-093E-454A-8C99-670C97FBCC65}.Development Editor|Android.ActiveCfg = BuiltWithUnrealBuildTool|Win32
		{2AD0D7D1-093E-454A-8C99-670C97FBCC65}.Development Editor|Android.Build.0 = BuiltWithUnrealBuildTool|Win32
		{2AD0D7D1-093E-454A-8C99-670C97FBCC65}.Development Editor|HTML5.ActiveCfg = BuiltWithUnrealBuildTool|Win32
		{2AD0D7D1-093E-454A-8C99-670C97FBCC65}.Development Editor|HTML5.Build.0 = BuiltWithUnrealBuildTool|Win32
		{2AD0D7D1-093E-454A-8C99-670C97FBCC65}.Development Editor|Win32.ActiveCfg = BuiltWithUnrealBuildTool|Win32
		{2AD0D7D1-093E-454A-8C99-670C97FBCC65}.Development Editor|Win32.Build.0 = BuiltWithUnrealBuildTool|Win32
		{2AD0D7D1-093E-454A-8C99-670C97FBCC65}.Development Editor|Win64.ActiveCfg = BuiltWithUnrealBuildTool|Win32
		{2AD0D7D1-093E-454A-8C99-670C97FBCC65}.Development Editor|Win64.Build.0 = BuiltWithUnrealBuildTool|Win32
		{2AD0D7D1-093E-454A-8C99-670C97FBCC65}.Development|Android.ActiveCfg = BuiltWithUnrealBuildTool|Win32
		{2AD0D7D1-093E-454A-8C99-670C97FBCC65}.Development|Android.Build.0 = BuiltWithUnrealBuildTool|Win32
		{2AD0D7D1-093E-454A-8C99-670C97FBCC65}.Development|HTML5.ActiveCfg = BuiltWithUnrealBuildTool|Win32
		{2AD0D7D1-093E-454A-8C99-670C97FBCC65}.Development|HTML5.Build.0 = BuiltWithUnrealBuildTool|Win32
		{2AD0D7D1-093E-454A-8C99-670C97FBCC65}.Development|Win32.ActiveCfg = BuiltWithUnrealBuildTool|Win32
		{2AD0D7D1-093E-454A-8C99-670C97FBCC65}.Development|Win32.Build.0 = BuiltWithUnrealBuildTool|Win32
		{2AD0D7D1-093E-454A-8C99-670C97FBCC65}.Development|Win64.ActiveCfg = BuiltWithUnrealBuildTool|Win32
		{2AD0D7D1-093E-454A-8C99-670C97FBCC65}.Development|Win64.Build.0 = BuiltWithUnrealBuildTool|Win32
		{2AD0D7D1-093E-454A-8C99-670C97FBCC65}.Shipping|Android.ActiveCfg = BuiltWithUnrealBuildTool|Win32
		{2AD0D7D1-093E-454A-8C99-670C97FBCC65}.Shipping|Android.Build.0 = BuiltWithUnrealBuildTool|Win32
		{2AD0D7D1-093E-454A-8C99-670C97FBCC65}.Shipping|HTML5.ActiveCfg = BuiltWithUnrealBuildTool|Win32
		{2AD0D7D1-093E-454A-8C99-670C97FBCC65}.Shipping|HTML5.Build.0 = BuiltWithUnrealBuildTool|Win32
		{2AD0D7D1-093E-454A-8C99-670C97FBCC65}.Shipping|Win32.ActiveCfg = BuiltWithUnrealBuildTool|Win32
		{2AD0D7D1-093E-454A-8C99-670C97FBCC65}.Shipping|Win32.Build.0 = BuiltWithUnrealBuildTool|Win32
		{2AD0D7D1-093E-454A-8C99-670C97FBCC65}.Shipping|Win64.ActiveCfg = BuiltWithUnrealBuildTool|Win32
		{2AD0D7D1-093E-454A-8C99-670C97FBCC65}.Shipping|Win64.Build.0 = BuiltWithUnrealBuildTool|Win32
		{C3765764-E67E-4764-B1D1-470C95E765DE}.DebugGame Editor|Android.ActiveCfg = DebugGame_Editor|Tegra-Android
		{C3765764-E67E-4764-B1D1-470C95E765DE}.DebugGame Editor|HTML5.ActiveCfg = HTML5_DebugGame_Editor|Win32
		{C3765764-E67E-4764-B1D1-470C95E765DE}.DebugGame Editor|Win32.ActiveCfg = DebugGame_Editor|Win32
		{C3765764-E67E-4764-B1D1-470C95E765DE}.DebugGame Editor|Win64.ActiveCfg = DebugGame_Editor|x64
		{C3765764-E67E-4764-B1D1-470C95E765DE}.DebugGame Editor|Win64.Build.0 = DebugGame_Editor|x64
		{C3765764-E67E-4764-B1D1-470C95E765DE}.DebugGame|Android.ActiveCfg = DebugGame_Game|Tegra-Android
		{C3765764-E67E-4764-B1D1-470C95E765DE}.DebugGame|Android.Build.0 = DebugGame_Game|Tegra-Android
		{C3765764-E67E-4764-B1D1-470C95E765DE}.DebugGame|HTML5.ActiveCfg = HTML5_DebugGame_Game|Win32
		{C3765764-E67E-4764-B1D1-470C95E765DE}.DebugGame|HTML5.Build.0 = HTML5_DebugGame_Game|Win32
		{C3765764-E67E-4764-B1D1-470C95E765DE}.DebugGame|Win32.ActiveCfg = DebugGame_Game|Win32
		{C3765764-E67E-4764-B1D1-470C95E765DE}.DebugGame|Win32.Build.0 = DebugGame_Game|Win32
		{C3765764-E67E-4764-B1D1-470C95E765DE}.DebugGame|Win64.ActiveCfg = DebugGame_Game|x64
		{C3765764-E67E-4764-B1D1-470C95E765DE}.DebugGame|Win64.Build.0 = DebugGame_Game|x64
		{C3765764-E67E-4764-B1D1-470C95E765DE}.Development Editor|Android.ActiveCfg = Development_Editor|Tegra-Android
		{C3765764-E67E-4764-B1D1-470C95E765DE}.Development Editor|HTML5.ActiveCfg = HTML5_Development_Editor|Win32
		{C3765764-E67E-4764-B1D1-470C95E765DE}.Development Editor|Win32.ActiveCfg = Development_Editor|Win32
		{C3765764-E67E-4764-B1D1-470C95E765DE}.Development Editor|Win64.ActiveCfg = Development_Editor|x64
		{C3765764-E67E-4764-B1D1-470C95E765DE}.Development Editor|Win64.Build.0 = Development_Editor|x64
		{C3765764-E67E-4764-B1D1-470C95E765DE}.Development|Android.ActiveCfg = Development_Game|Tegra-Android
		{C3765764-E67E-4764-B1D1-470C95E765DE}.Development|Android.Build.0 = Development_Game|Tegra-Android
		{C3765764-E67E-4764-B1D1-470C95E765DE}.Development|HTML5.ActiveCfg = HTML5_Development_Game|Win32
		{C3765764-E67E-4764-B1D1-470C95E765DE}.Development|HTML5.Build.0 = HTML5_Development_Game|Win32
		{C3765764-E67E-4764-B1D1-470C95E765DE}.Development|Win32.ActiveCfg = Development_Game|Win32
		{C3765764-E67E-4764-B1D1-470C95E765DE}.Development|Win32.Build.0 = Development_Game|Win32
		{C3765764-E67E-4764-B1D1-470C95E765DE}.Development|Win64.ActiveCfg = Development_Game|x64
		{C3765764-E67E-4764-B1D1-470C95E765DE}.Development|Win64.Build.0 = Development_Game|x64
		{C3765764-E67E-4764-B1D1-470C95E765DE}.Shipping|Android.ActiveCfg = Shipping_Game|Tegra-Android
		{C3765764-E67E-4764-B1D1-470C95E765DE}.Shipping|Android.Build.0 = Shipping_Game|Tegra-Android
		{C3765764-E67E-4764-B1D1-470C95E765DE}.Shipping|HTML5.ActiveCfg = HTML5_Shipping_Game|Win32
		{C3765764-E67E-4764-B1D1-470C95E765DE}.Shipping|HTML5.Build.0 = HTML5_Shipping_Game|Win32
		{C3765764-E67E-4764-B1D1-470C95E765DE}.Shipping|Win32.ActiveCfg = Shipping_Game|Win32
		{C3765764-E67E-4764-B1D1-470C95E765DE}.Shipping|Win32.Build.0 = Shipping_Game|Win32
		{C3765764-E67E-4764-B1D1-470C95E765DE}.Shipping|Win64.ActiveCfg = Shipping_Game|x64
		{C3765764-E67E-4764-B1D1-470C95E765DE}.Shipping|Win64.Build.0 = Shipping_Game|x64
	EndGlobalSection
	GlobalSection(SolutionProperties) = preSolution
		HideSolutionNode = FALSE
	EndGlobalSection
	GlobalSection(NestedProjects) = preSolution
		{2AD0D7D1-093E-454A-8C99-670C97FBCC65} = {2F35621C-6929-4490-8178-2872A1C10CF0}
		{C3765764-E67E-4764-B1D1-470C95E765DE} = {42D7CE95-F78F-41DD-80EF-842592F1970C}
	EndGlobalSection
EndGlobal
